
Microsoft Visual Studio Solution File, Format Version 12.00
# Visual Studio Version 16
VisualStudioVersion = 16.0.29503.13
MinimumVisualStudioVersion = 10.0.40219.1
Project("{FAE04EC0-301F-11D3-BF4B-00C04F79EFBC}") = "test", "test\test.csproj", "{2648FDD1-7F41-4EAF-AE2A-3821A75DA4D3}"
EndProject
Global
	GlobalSection(SolutionConfigurationPlatforms) = preSolution
		Debug|Any CPU = Debug|Any CPU
		Release|Any CPU = Release|Any CPU
	EndGlobalSection
	GlobalSection(ProjectConfigurationPlatforms) = postSolution
		{2648FDD1-7F41-4EAF-AE2A-3821A75DA4D3}.Debug|Any CPU.ActiveCfg = Debug|Any CPU
		{2648FDD1-7F41-4EAF-AE2A-3821A75DA4D3}.Debug|Any CPU.Build.0 = Debug|Any CPU
		{2648FDD1-7F41-4EAF-AE2A-3821A75DA4D3}.Release|Any CPU.ActiveCfg = Release|Any CPU
		{2648FDD1-7F41-4EAF-AE2A-3821A75DA4D3}.Release|Any CPU.Build.0 = Release|Any CPU
	EndGlobalSection
	GlobalSection(SolutionProperties) = preSolution
		HideSolutionNode = FALSE
	EndGlobalSection
	GlobalSection(ExtensibilityGlobals) = postSolution
		SolutionGuid = {DB73DA99-6E98-414C-A2F8-FFE774473AA7}
	EndGlobalSection
EndGlobal
